
Microsoft Visual Studio Solution File, Format Version 12.00
# Visual Studio Version 17
VisualStudioVersion = 17.3.32929.385
MinimumVisualStudioVersion = 10.0.40219.1
Project("{9A19103F-16F7-4668-BE54-9A1E7A4F7556}") = "PhlegmaticOne.InnoGotchi.Api", "PhlegmaticOne.InnoGotchi.Api\PhlegmaticOne.InnoGotchi.Api.csproj", "{E06EC9BC-055F-4840-9D93-547892928E4D}"
EndProject
Project("{9A19103F-16F7-4668-BE54-9A1E7A4F7556}") = "PhlegmaticOne.InnoGotchi.Web", "PhlegmaticOne.InnoGotchi.Web\PhlegmaticOne.InnoGotchi.Web.csproj", "{989A38CE-51DF-43FD-918D-FD577A25CEF6}"
EndProject
Project("{9A19103F-16F7-4668-BE54-9A1E7A4F7556}") = "PhlegmaticOne.InnoGotchi.Data.EntityFramework", "PhlegmaticOne.InnoGotchi.Data.EntityFramework\PhlegmaticOne.InnoGotchi.Data.EntityFramework.csproj", "{457131F4-4C7A-4949-ABC4-F8EF61E1A21A}"
EndProject
Project("{9A19103F-16F7-4668-BE54-9A1E7A4F7556}") = "PhlegmaticOne.InnoGotchi.Shared", "PhlegmaticOne.InnoGotchi.Shared\PhlegmaticOne.InnoGotchi.Shared.csproj", "{CDA9B5DB-8F9B-45E3-81D3-44E69C1C200C}"
EndProject
Project("{9A19103F-16F7-4668-BE54-9A1E7A4F7556}") = "PhlegmaticOne.PasswordHasher", "PhlegmaticOne.PasswordHasher\PhlegmaticOne.PasswordHasher.csproj", "{BF78CCD5-B532-4D33-8315-22E09FD3456A}"
EndProject
Project("{9A19103F-16F7-4668-BE54-9A1E7A4F7556}") = "PhlegmaticOne.ServerRequesting", "PhlegmaticOne.ServerRequesting\PhlegmaticOne.ServerRequesting.csproj", "{EDECEE0E-B243-47B1-A9D3-EB6AF2E45DBE}"
EndProject
Project("{9A19103F-16F7-4668-BE54-9A1E7A4F7556}") = "PhlegmaticOne.OperationResults", "PhlegmaticOne.OperationResults\PhlegmaticOne.OperationResults.csproj", "{F94DCE6C-4F95-402E-BDC8-65116DDEB406}"
EndProject
Project("{2150E333-8FDC-42A3-9474-1A3956D46DE8}") = "Nuget", "Nuget", "{F4B34CDC-04A1-461A-B962-0A4E95B4A6DC}"
EndProject
Project("{9A19103F-16F7-4668-BE54-9A1E7A4F7556}") = "PhlegmaticOne.JwtTokensGeneration", "PhlegmaticOne.JwtTokensGeneration\PhlegmaticOne.JwtTokensGeneration.csproj", "{BC6FC810-A31C-4B24-B31F-139662E4D01E}"
EndProject
Project("{9A19103F-16F7-4668-BE54-9A1E7A4F7556}") = "PhlegmaticOne.LocalStorage", "PhlegmaticOne.LocalStorage\PhlegmaticOne.LocalStorage.csproj", "{700E0400-96D9-4CC4-BD9C-775307A3B8BB}"
EndProject
Project("{9A19103F-16F7-4668-BE54-9A1E7A4F7556}") = "PhlegmaticOne.UnitOfWork", "PhlegmaticOne.DataService\PhlegmaticOne.UnitOfWork.csproj", "{7A3D0149-19BB-4F46-917C-CB66857B788C}"
EndProject
Project("{9A19103F-16F7-4668-BE54-9A1E7A4F7556}") = "PhlegmaticOne.PagedLists", "PhlegmaticOne.PagedList\PhlegmaticOne.PagedLists.csproj", "{C002AAA9-8E8C-4003-9C40-9C2C6D0C267A}"
EndProject
Project("{9A19103F-16F7-4668-BE54-9A1E7A4F7556}") = "PhlegmaticOne.InnoGotchi.Domain", "PhlegmaticOne.InnoGotchi.Domain\PhlegmaticOne.InnoGotchi.Domain.csproj", "{91C198B9-8EB0-41ED-9528-3B787CC03507}"
EndProject
Project("{9A19103F-16F7-4668-BE54-9A1E7A4F7556}") = "PhlegmaticOne.InnoGotchi.Services", "PhlegmaticOne.InnoGotchi.Services\PhlegmaticOne.InnoGotchi.Services.csproj", "{8CAB2A21-DAD6-48B3-9AC8-0F5C53A63D63}"
EndProject
Global
	GlobalSection(SolutionConfigurationPlatforms) = preSolution
		Debug|Any CPU = Debug|Any CPU
		Release|Any CPU = Release|Any CPU
	EndGlobalSection
	GlobalSection(ProjectConfigurationPlatforms) = postSolution
		{E06EC9BC-055F-4840-9D93-547892928E4D}.Debug|Any CPU.ActiveCfg = Debug|Any CPU
		{E06EC9BC-055F-4840-9D93-547892928E4D}.Debug|Any CPU.Build.0 = Debug|Any CPU
		{E06EC9BC-055F-4840-9D93-547892928E4D}.Release|Any CPU.ActiveCfg = Release|Any CPU
		{E06EC9BC-055F-4840-9D93-547892928E4D}.Release|Any CPU.Build.0 = Release|Any CPU
		{989A38CE-51DF-43FD-918D-FD577A25CEF6}.Debug|Any CPU.ActiveCfg = Debug|Any CPU
		{989A38CE-51DF-43FD-918D-FD577A25CEF6}.Debug|Any CPU.Build.0 = Debug|Any CPU
		{989A38CE-51DF-43FD-918D-FD577A25CEF6}.Release|Any CPU.ActiveCfg = Release|Any CPU
		{989A38CE-51DF-43FD-918D-FD577A25CEF6}.Release|Any CPU.Build.0 = Release|Any CPU
		{457131F4-4C7A-4949-ABC4-F8EF61E1A21A}.Debug|Any CPU.ActiveCfg = Debug|Any CPU
		{457131F4-4C7A-4949-ABC4-F8EF61E1A21A}.Debug|Any CPU.Build.0 = Debug|Any CPU
		{457131F4-4C7A-4949-ABC4-F8EF61E1A21A}.Release|Any CPU.ActiveCfg = Release|Any CPU
		{457131F4-4C7A-4949-ABC4-F8EF61E1A21A}.Release|Any CPU.Build.0 = Release|Any CPU
		{CDA9B5DB-8F9B-45E3-81D3-44E69C1C200C}.Debug|Any CPU.ActiveCfg = Debug|Any CPU
		{CDA9B5DB-8F9B-45E3-81D3-44E69C1C200C}.Debug|Any CPU.Build.0 = Debug|Any CPU
		{CDA9B5DB-8F9B-45E3-81D3-44E69C1C200C}.Release|Any CPU.ActiveCfg = Release|Any CPU
		{CDA9B5DB-8F9B-45E3-81D3-44E69C1C200C}.Release|Any CPU.Build.0 = Release|Any CPU
		{BF78CCD5-B532-4D33-8315-22E09FD3456A}.Debug|Any CPU.ActiveCfg = Debug|Any CPU
		{BF78CCD5-B532-4D33-8315-22E09FD3456A}.Debug|Any CPU.Build.0 = Debug|Any CPU
		{BF78CCD5-B532-4D33-8315-22E09FD3456A}.Release|Any CPU.ActiveCfg = Release|Any CPU
		{BF78CCD5-B532-4D33-8315-22E09FD3456A}.Release|Any CPU.Build.0 = Release|Any CPU
		{EDECEE0E-B243-47B1-A9D3-EB6AF2E45DBE}.Debug|Any CPU.ActiveCfg = Debug|Any CPU
		{EDECEE0E-B243-47B1-A9D3-EB6AF2E45DBE}.Debug|Any CPU.Build.0 = Debug|Any CPU
		{EDECEE0E-B243-47B1-A9D3-EB6AF2E45DBE}.Release|Any CPU.ActiveCfg = Release|Any CPU
		{EDECEE0E-B243-47B1-A9D3-EB6AF2E45DBE}.Release|Any CPU.Build.0 = Release|Any CPU
		{F94DCE6C-4F95-402E-BDC8-65116DDEB406}.Debug|Any CPU.ActiveCfg = Debug|Any CPU
		{F94DCE6C-4F95-402E-BDC8-65116DDEB406}.Debug|Any CPU.Build.0 = Debug|Any CPU
		{F94DCE6C-4F95-402E-BDC8-65116DDEB406}.Release|Any CPU.ActiveCfg = Release|Any CPU
		{F94DCE6C-4F95-402E-BDC8-65116DDEB406}.Release|Any CPU.Build.0 = Release|Any CPU
		{BC6FC810-A31C-4B24-B31F-139662E4D01E}.Debug|Any CPU.ActiveCfg = Debug|Any CPU
		{BC6FC810-A31C-4B24-B31F-139662E4D01E}.Debug|Any CPU.Build.0 = Debug|Any CPU
		{BC6FC810-A31C-4B24-B31F-139662E4D01E}.Release|Any CPU.ActiveCfg = Release|Any CPU
		{BC6FC810-A31C-4B24-B31F-139662E4D01E}.Release|Any CPU.Build.0 = Release|Any CPU
		{700E0400-96D9-4CC4-BD9C-775307A3B8BB}.Debug|Any CPU.ActiveCfg = Debug|Any CPU
		{700E0400-96D9-4CC4-BD9C-775307A3B8BB}.Debug|Any CPU.Build.0 = Debug|Any CPU
		{700E0400-96D9-4CC4-BD9C-775307A3B8BB}.Release|Any CPU.ActiveCfg = Release|Any CPU
		{700E0400-96D9-4CC4-BD9C-775307A3B8BB}.Release|Any CPU.Build.0 = Release|Any CPU
		{7A3D0149-19BB-4F46-917C-CB66857B788C}.Debug|Any CPU.ActiveCfg = Debug|Any CPU
		{7A3D0149-19BB-4F46-917C-CB66857B788C}.Debug|Any CPU.Build.0 = Debug|Any CPU
		{7A3D0149-19BB-4F46-917C-CB66857B788C}.Release|Any CPU.ActiveCfg = Release|Any CPU
		{7A3D0149-19BB-4F46-917C-CB66857B788C}.Release|Any CPU.Build.0 = Release|Any CPU
		{C002AAA9-8E8C-4003-9C40-9C2C6D0C267A}.Debug|Any CPU.ActiveCfg = Debug|Any CPU
		{C002AAA9-8E8C-4003-9C40-9C2C6D0C267A}.Debug|Any CPU.Build.0 = Debug|Any CPU
		{C002AAA9-8E8C-4003-9C40-9C2C6D0C267A}.Release|Any CPU.ActiveCfg = Release|Any CPU
		{C002AAA9-8E8C-4003-9C40-9C2C6D0C267A}.Release|Any CPU.Build.0 = Release|Any CPU
		{91C198B9-8EB0-41ED-9528-3B787CC03507}.Debug|Any CPU.ActiveCfg = Debug|Any CPU
		{91C198B9-8EB0-41ED-9528-3B787CC03507}.Debug|Any CPU.Build.0 = Debug|Any CPU
		{91C198B9-8EB0-41ED-9528-3B787CC03507}.Release|Any CPU.ActiveCfg = Release|Any CPU
		{91C198B9-8EB0-41ED-9528-3B787CC03507}.Release|Any CPU.Build.0 = Release|Any CPU
		{8CAB2A21-DAD6-48B3-9AC8-0F5C53A63D63}.Debug|Any CPU.ActiveCfg = Debug|Any CPU
		{8CAB2A21-DAD6-48B3-9AC8-0F5C53A63D63}.Debug|Any CPU.Build.0 = Debug|Any CPU
		{8CAB2A21-DAD6-48B3-9AC8-0F5C53A63D63}.Release|Any CPU.ActiveCfg = Release|Any CPU
		{8CAB2A21-DAD6-48B3-9AC8-0F5C53A63D63}.Release|Any CPU.Build.0 = Release|Any CPU
	EndGlobalSection
	GlobalSection(SolutionProperties) = preSolution
		HideSolutionNode = FALSE
	EndGlobalSection
	GlobalSection(NestedProjects) = preSolution
		{BF78CCD5-B532-4D33-8315-22E09FD3456A} = {F4B34CDC-04A1-461A-B962-0A4E95B4A6DC}
		{EDECEE0E-B243-47B1-A9D3-EB6AF2E45DBE} = {F4B34CDC-04A1-461A-B962-0A4E95B4A6DC}
		{F94DCE6C-4F95-402E-BDC8-65116DDEB406} = {F4B34CDC-04A1-461A-B962-0A4E95B4A6DC}
		{BC6FC810-A31C-4B24-B31F-139662E4D01E} = {F4B34CDC-04A1-461A-B962-0A4E95B4A6DC}
		{700E0400-96D9-4CC4-BD9C-775307A3B8BB} = {F4B34CDC-04A1-461A-B962-0A4E95B4A6DC}
		{7A3D0149-19BB-4F46-917C-CB66857B788C} = {F4B34CDC-04A1-461A-B962-0A4E95B4A6DC}
		{C002AAA9-8E8C-4003-9C40-9C2C6D0C267A} = {F4B34CDC-04A1-461A-B962-0A4E95B4A6DC}
	EndGlobalSection
	GlobalSection(ExtensibilityGlobals) = postSolution
		SolutionGuid = {F503F9F6-0369-431A-BF1E-79BBAD139A76}
	EndGlobalSection
EndGlobal
