
Microsoft Visual Studio Solution File, Format Version 12.00
# Visual Studio Version 17
VisualStudioVersion = 17.3.32929.385
MinimumVisualStudioVersion = 10.0.40219.1
Project("{9A19103F-16F7-4668-BE54-9A1E7A4F7556}") = "PhlegmaticOne.InnoGotchi.Api", "PhlegmaticOne.InnoGotchi.Api\PhlegmaticOne.InnoGotchi.Api.csproj", "{E06EC9BC-055F-4840-9D93-547892928E4D}"
EndProject
Project("{9A19103F-16F7-4668-BE54-9A1E7A4F7556}") = "PhlegmaticOne.InnoGotchi.Web", "PhlegmaticOne.InnoGotchi.Web\PhlegmaticOne.InnoGotchi.Web.csproj", "{989A38CE-51DF-43FD-918D-FD577A25CEF6}"
EndProject
Project("{9A19103F-16F7-4668-BE54-9A1E7A4F7556}") = "PhlegmaticOne.InnoGotchi.Data.Models", "PhlegmaticOne.InnoGotchi.Data.Models\PhlegmaticOne.InnoGotchi.Data.Models.csproj", "{108706F6-F202-4412-A5C0-EE8881AAE398}"
EndProject
Project("{FAE04EC0-301F-11D3-BF4B-00C04F79EFBC}") = "PhlegmaticOne.InnoGotchi.Data.EntityFramework", "PhlegmaticOne.InnoGotchi.Data.EntityFramework\PhlegmaticOne.InnoGotchi.Data.EntityFramework.csproj", "{457131F4-4C7A-4949-ABC4-F8EF61E1A21A}"
EndProject
Global
	GlobalSection(SolutionConfigurationPlatforms) = preSolution
		Debug|Any CPU = Debug|Any CPU
		Release|Any CPU = Release|Any CPU
	EndGlobalSection
	GlobalSection(ProjectConfigurationPlatforms) = postSolution
		{E06EC9BC-055F-4840-9D93-547892928E4D}.Debug|Any CPU.ActiveCfg = Debug|Any CPU
		{E06EC9BC-055F-4840-9D93-547892928E4D}.Debug|Any CPU.Build.0 = Debug|Any CPU
		{E06EC9BC-055F-4840-9D93-547892928E4D}.Release|Any CPU.ActiveCfg = Release|Any CPU
		{E06EC9BC-055F-4840-9D93-547892928E4D}.Release|Any CPU.Build.0 = Release|Any CPU
		{989A38CE-51DF-43FD-918D-FD577A25CEF6}.Debug|Any CPU.ActiveCfg = Debug|Any CPU
		{989A38CE-51DF-43FD-918D-FD577A25CEF6}.Debug|Any CPU.Build.0 = Debug|Any CPU
		{989A38CE-51DF-43FD-918D-FD577A25CEF6}.Release|Any CPU.ActiveCfg = Release|Any CPU
		{989A38CE-51DF-43FD-918D-FD577A25CEF6}.Release|Any CPU.Build.0 = Release|Any CPU
		{108706F6-F202-4412-A5C0-EE8881AAE398}.Debug|Any CPU.ActiveCfg = Debug|Any CPU
		{108706F6-F202-4412-A5C0-EE8881AAE398}.Debug|Any CPU.Build.0 = Debug|Any CPU
		{108706F6-F202-4412-A5C0-EE8881AAE398}.Release|Any CPU.ActiveCfg = Release|Any CPU
		{108706F6-F202-4412-A5C0-EE8881AAE398}.Release|Any CPU.Build.0 = Release|Any CPU
		{457131F4-4C7A-4949-ABC4-F8EF61E1A21A}.Debug|Any CPU.ActiveCfg = Debug|Any CPU
		{457131F4-4C7A-4949-ABC4-F8EF61E1A21A}.Debug|Any CPU.Build.0 = Debug|Any CPU
		{457131F4-4C7A-4949-ABC4-F8EF61E1A21A}.Release|Any CPU.ActiveCfg = Release|Any CPU
		{457131F4-4C7A-4949-ABC4-F8EF61E1A21A}.Release|Any CPU.Build.0 = Release|Any CPU
	EndGlobalSection
	GlobalSection(SolutionProperties) = preSolution
		HideSolutionNode = FALSE
	EndGlobalSection
	GlobalSection(ExtensibilityGlobals) = postSolution
		SolutionGuid = {F503F9F6-0369-431A-BF1E-79BBAD139A76}
	EndGlobalSection
EndGlobal
